
Microsoft Visual Studio Solution File, Format Version 12.00
# Visual Studio Version 17
VisualStudioVersion = 17.2.32516.85
MinimumVisualStudioVersion = 10.0.40219.1
Project("{8BC9CEB8-8B4A-11D0-8D11-00A0C91BC942}") = "MFCApplication1", "MFCApplication1\MFCApplication1.vcxproj", "{03A0030F-247C-4417-95C4-E8CF5A0F6E19}"
EndProject
Global
	GlobalSection(SolutionConfigurationPlatforms) = preSolution
		Debug|x64 = Debug|x64
		Debug|x86 = Debug|x86
		Release|x64 = Release|x64
		Release|x86 = Release|x86
	EndGlobalSection
	GlobalSection(ProjectConfigurationPlatforms) = postSolution
		{03A0030F-247C-4417-95C4-E8CF5A0F6E19}.Debug|x64.ActiveCfg = Debug|x64
		{03A0030F-247C-4417-95C4-E8CF5A0F6E19}.Debug|x64.Build.0 = Debug|x64
		{03A0030F-247C-4417-95C4-E8CF5A0F6E19}.Debug|x86.ActiveCfg = Debug|Win32
		{03A0030F-247C-4417-95C4-E8CF5A0F6E19}.Debug|x86.Build.0 = Debug|Win32
		{03A0030F-247C-4417-95C4-E8CF5A0F6E19}.Release|x64.ActiveCfg = Release|x64
		{03A0030F-247C-4417-95C4-E8CF5A0F6E19}.Release|x64.Build.0 = Release|x64
		{03A0030F-247C-4417-95C4-E8CF5A0F6E19}.Release|x86.ActiveCfg = Release|Win32
		{03A0030F-247C-4417-95C4-E8CF5A0F6E19}.Release|x86.Build.0 = Release|Win32
	EndGlobalSection
	GlobalSection(SolutionProperties) = preSolution
		HideSolutionNode = FALSE
	EndGlobalSection
	GlobalSection(ExtensibilityGlobals) = postSolution
		SolutionGuid = {2E7B7042-4192-4C22-B4F1-9F8A7D5442C0}
	EndGlobalSection
EndGlobal
